
Microsoft Visual Studio Solution File, Format Version 12.00
# Visual Studio 15
VisualStudioVersion = 15.0.27703.2035
MinimumVisualStudioVersion = 10.0.40219.1
Project("{FAE04EC0-301F-11D3-BF4B-00C04F79EFBC}") = "CloneConsoleRun", "CloneConsoleRun\CloneConsoleRun.csproj", "{1F09A007-9A2E-40D8-AD24-C469473152F4}"
EndProject
Project("{FAE04EC0-301F-11D3-BF4B-00C04F79EFBC}") = "CosmosCloneCommon", "CosmosCloneCommon\CosmosCloneCommon.csproj", "{523E1CC4-0286-498C-B184-3413E10D61DE}"
EndProject
Project("{FAE04EC0-301F-11D3-BF4B-00C04F79EFBC}") = "CosmicCloneUI", "CosmicCloneUI\CosmicCloneUI.csproj", "{D46B0805-591E-4080-A6A1-45613067D900}"
EndProject
Global
	GlobalSection(SolutionConfigurationPlatforms) = preSolution
		Debug|Any CPU = Debug|Any CPU
		Release|Any CPU = Release|Any CPU
	EndGlobalSection
	GlobalSection(ProjectConfigurationPlatforms) = postSolution
		{1F09A007-9A2E-40D8-AD24-C469473152F4}.Debug|Any CPU.ActiveCfg = Debug|Any CPU
		{1F09A007-9A2E-40D8-AD24-C469473152F4}.Debug|Any CPU.Build.0 = Debug|Any CPU
		{1F09A007-9A2E-40D8-AD24-C469473152F4}.Release|Any CPU.ActiveCfg = Release|Any CPU
		{1F09A007-9A2E-40D8-AD24-C469473152F4}.Release|Any CPU.Build.0 = Release|Any CPU
		{523E1CC4-0286-498C-B184-3413E10D61DE}.Debug|Any CPU.ActiveCfg = Debug|Any CPU
		{523E1CC4-0286-498C-B184-3413E10D61DE}.Debug|Any CPU.Build.0 = Debug|Any CPU
		{523E1CC4-0286-498C-B184-3413E10D61DE}.Release|Any CPU.ActiveCfg = Release|Any CPU
		{523E1CC4-0286-498C-B184-3413E10D61DE}.Release|Any CPU.Build.0 = Release|Any CPU
		{D46B0805-591E-4080-A6A1-45613067D900}.Debug|Any CPU.ActiveCfg = Debug|Any CPU
		{D46B0805-591E-4080-A6A1-45613067D900}.Debug|Any CPU.Build.0 = Debug|Any CPU
		{D46B0805-591E-4080-A6A1-45613067D900}.Release|Any CPU.ActiveCfg = Release|Any CPU
		{D46B0805-591E-4080-A6A1-45613067D900}.Release|Any CPU.Build.0 = Release|Any CPU
	EndGlobalSection
	GlobalSection(SolutionProperties) = preSolution
		HideSolutionNode = FALSE
	EndGlobalSection
	GlobalSection(ExtensibilityGlobals) = postSolution
		SolutionGuid = {74BA2FD9-AD35-45D5-BC7E-7555517B9CDA}
	EndGlobalSection
EndGlobal
